
Microsoft Visual Studio Solution File, Format Version 12.00
# Visual Studio Version 17
VisualStudioVersion = 17.13.35931.197
MinimumVisualStudioVersion = 10.0.40219.1
Project("{FAE04EC0-301F-11D3-BF4B-00C04F79EFBC}") = "FiapCloudGames.API", "FiapCloudGames.API\FiapCloudGames.API.csproj", "{E06D6FAB-2793-4260-A684-964DE9C0B6EF}"
EndProject
Project("{FAE04EC0-301F-11D3-BF4B-00C04F79EFBC}") = "FiapCloudGames.Core", "FiapCloudGames.Core\FiapCloudGames.Core.csproj", "{6C48D795-BF4F-F110-9944-AEB6CBDC386D}"
EndProject
Project("{FAE04EC0-301F-11D3-BF4B-00C04F79EFBC}") = "FiapCloudGames.Infrastructure", "FiapCloudGames.Infrastructure\FiapCloudGames.Infrastructure.csproj", "{27F85A76-455A-6A90-1FBB-128BEC17827C}"
EndProject
Project("{FAE04EC0-301F-11D3-BF4B-00C04F79EFBC}") = "FiapCloudGames.Application", "FiapCloudGames.Application\FiapCloudGames.Application.csproj", "{AAD6C98B-6774-495F-96BE-4263E7106F6F}"
EndProject
Project("{FAE04EC0-301F-11D3-BF4B-00C04F79EFBC}") = "FiapCloudGames.Tests", "FiapCloudGames.Tests\FiapCloudGames.Tests.csproj", "{71A2D278-6AF9-AF6B-2241-5B8DB4A1998E}"
EndProject
Global
	GlobalSection(SolutionConfigurationPlatforms) = preSolution
		Debug|Any CPU = Debug|Any CPU
		Release|Any CPU = Release|Any CPU
	EndGlobalSection
	GlobalSection(ProjectConfigurationPlatforms) = postSolution
		{E06D6FAB-2793-4260-A684-964DE9C0B6EF}.Debug|Any CPU.ActiveCfg = Debug|Any CPU
		{E06D6FAB-2793-4260-A684-964DE9C0B6EF}.Debug|Any CPU.Build.0 = Debug|Any CPU
		{E06D6FAB-2793-4260-A684-964DE9C0B6EF}.Release|Any CPU.ActiveCfg = Release|Any CPU
		{E06D6FAB-2793-4260-A684-964DE9C0B6EF}.Release|Any CPU.Build.0 = Release|Any CPU
		{6C48D795-BF4F-F110-9944-AEB6CBDC386D}.Debug|Any CPU.ActiveCfg = Debug|Any CPU
		{6C48D795-BF4F-F110-9944-AEB6CBDC386D}.Debug|Any CPU.Build.0 = Debug|Any CPU
		{6C48D795-BF4F-F110-9944-AEB6CBDC386D}.Release|Any CPU.ActiveCfg = Release|Any CPU
		{6C48D795-BF4F-F110-9944-AEB6CBDC386D}.Release|Any CPU.Build.0 = Release|Any CPU
		{27F85A76-455A-6A90-1FBB-128BEC17827C}.Debug|Any CPU.ActiveCfg = Debug|Any CPU
		{27F85A76-455A-6A90-1FBB-128BEC17827C}.Debug|Any CPU.Build.0 = Debug|Any CPU
		{27F85A76-455A-6A90-1FBB-128BEC17827C}.Release|Any CPU.ActiveCfg = Release|Any CPU
		{27F85A76-455A-6A90-1FBB-128BEC17827C}.Release|Any CPU.Build.0 = Release|Any CPU
		{AAD6C98B-6774-495F-96BE-4263E7106F6F}.Debug|Any CPU.ActiveCfg = Debug|Any CPU
		{AAD6C98B-6774-495F-96BE-4263E7106F6F}.Debug|Any CPU.Build.0 = Debug|Any CPU
		{AAD6C98B-6774-495F-96BE-4263E7106F6F}.Release|Any CPU.ActiveCfg = Release|Any CPU
		{AAD6C98B-6774-495F-96BE-4263E7106F6F}.Release|Any CPU.Build.0 = Release|Any CPU
		{71A2D278-6AF9-AF6B-2241-5B8DB4A1998E}.Debug|Any CPU.ActiveCfg = Debug|Any CPU
		{71A2D278-6AF9-AF6B-2241-5B8DB4A1998E}.Debug|Any CPU.Build.0 = Debug|Any CPU
		{71A2D278-6AF9-AF6B-2241-5B8DB4A1998E}.Release|Any CPU.ActiveCfg = Release|Any CPU
		{71A2D278-6AF9-AF6B-2241-5B8DB4A1998E}.Release|Any CPU.Build.0 = Release|Any CPU
	EndGlobalSection
	GlobalSection(SolutionProperties) = preSolution
		HideSolutionNode = FALSE
	EndGlobalSection
	GlobalSection(ExtensibilityGlobals) = postSolution
		SolutionGuid = {5A4E88FE-EC1F-4FB7-8AA2-CD4FCA342BB3}
	EndGlobalSection
EndGlobal
